
Microsoft Visual Studio Solution File, Format Version 12.00
# Visual Studio Version 17
VisualStudioVersion = 17.12.35521.163 d17.12
MinimumVisualStudioVersion = 10.0.40219.1
Project("{2150E333-8FDC-42A3-9474-1A3956D46DE8}") = "2023old", "2023old", "{8ECFF889-3260-48BE-BD9F-042C582D6FDE}"
EndProject
Project("{2150E333-8FDC-42A3-9474-1A3956D46DE8}") = "2022", "2022", "{4DE7CCD2-E751-47B3-BBD5-03F447F53569}"
EndProject
Project("{FAE04EC0-301F-11D3-BF4B-00C04F79EFBC}") = "Day01", "2022\Day01\Day01.csproj", "{A56C539D-7CEC-4F82-AC7E-478CC56269BE}"
EndProject
Project("{FAE04EC0-301F-11D3-BF4B-00C04F79EFBC}") = "Day02", "2022\Day02\Day02.csproj", "{1416E67A-194F-4F0F-9CF8-AE48AA2EF54A}"
EndProject
Project("{FAE04EC0-301F-11D3-BF4B-00C04F79EFBC}") = "Day03", "2022\Day03\Day03.csproj", "{543B8F2F-D47E-4A5E-A6BE-51A0970B3250}"
EndProject
Project("{FAE04EC0-301F-11D3-BF4B-00C04F79EFBC}") = "Day04", "2022\Day04\Day04.csproj", "{639C19DA-73CD-4316-B891-3B24BD0EC032}"
EndProject
Project("{FAE04EC0-301F-11D3-BF4B-00C04F79EFBC}") = "Day05", "2022\Day05\Day05.csproj", "{29194031-C3FD-4554-A7D8-93CE307006B3}"
EndProject
Project("{FAE04EC0-301F-11D3-BF4B-00C04F79EFBC}") = "Day06", "2022\Day06\Day06.csproj", "{888BA797-B3F2-42BB-939E-DE3A639C6280}"
EndProject
Project("{FAE04EC0-301F-11D3-BF4B-00C04F79EFBC}") = "Day07", "2022\Day07\Day07.csproj", "{F498673B-9205-4C1A-BCFA-2EEA8884F3E7}"
EndProject
Project("{FAE04EC0-301F-11D3-BF4B-00C04F79EFBC}") = "Day08", "2022\Day08\Day08.csproj", "{62BFE25F-52E4-404C-8096-4DC5CDF896ED}"
EndProject
Project("{FAE04EC0-301F-11D3-BF4B-00C04F79EFBC}") = "Day09", "2022\Day09\Day09.csproj", "{536F80ED-D059-4471-BE23-6F8F60BD4D71}"
EndProject
Project("{FAE04EC0-301F-11D3-BF4B-00C04F79EFBC}") = "Day10", "2022\Day10\Day10.csproj", "{C5F616DF-C43A-4FE2-8BC0-773B4C0C925C}"
EndProject
Project("{FAE04EC0-301F-11D3-BF4B-00C04F79EFBC}") = "Day11", "2022\Day11\Day11.csproj", "{4E3B2A73-5348-4A18-AB28-CFAC4D96FABF}"
EndProject
Project("{FAE04EC0-301F-11D3-BF4B-00C04F79EFBC}") = "Day12", "2022\Day12\Day12.csproj", "{E6A74817-8D29-452C-BBAC-780A5A8BCB11}"
EndProject
Project("{FAE04EC0-301F-11D3-BF4B-00C04F79EFBC}") = "Day13", "2022\Day13\Day13.csproj", "{434AF251-1293-4A84-B8CA-2A79600B312D}"
EndProject
Project("{FAE04EC0-301F-11D3-BF4B-00C04F79EFBC}") = "Day14", "2022\Day14\Day14.csproj", "{A6BFD2F7-7F9C-47A7-94A7-737FEB90646D}"
EndProject
Project("{FAE04EC0-301F-11D3-BF4B-00C04F79EFBC}") = "Day15", "2022\Day15\Day15.csproj", "{E5910601-D08D-4D61-A56B-6F3BD9466F1A}"
EndProject
Project("{FAE04EC0-301F-11D3-BF4B-00C04F79EFBC}") = "Day16", "2022\Day16\Day16.csproj", "{EC61D80C-BF99-4EB0-BDAF-CDA0BA0A60F3}"
EndProject
Project("{FAE04EC0-301F-11D3-BF4B-00C04F79EFBC}") = "Day17", "2022\Day17\Day17.csproj", "{F483CD26-11D1-4C82-9582-6B77356C897B}"
EndProject
Project("{FAE04EC0-301F-11D3-BF4B-00C04F79EFBC}") = "Day18", "2022\Day18\Day18.csproj", "{29E7C298-52E0-48B7-911C-707E73788471}"
EndProject
Project("{FAE04EC0-301F-11D3-BF4B-00C04F79EFBC}") = "Day19", "2022\Day19\Day19.csproj", "{5D4FCF09-3286-472C-89BF-61AE6F3EA8D4}"
EndProject
Project("{FAE04EC0-301F-11D3-BF4B-00C04F79EFBC}") = "Day20", "2022\Day20\Day20.csproj", "{4E9B9812-80A4-4399-9627-EFA3624FD781}"
EndProject
Project("{FAE04EC0-301F-11D3-BF4B-00C04F79EFBC}") = "Day21", "2022\Day21\Day21.csproj", "{927C1DD8-0604-4AEC-8258-8E35F398194F}"
EndProject
Project("{FAE04EC0-301F-11D3-BF4B-00C04F79EFBC}") = "Day22", "2022\Day22\Day22.csproj", "{20D5D2D1-B456-404A-80F8-17A3CC92B1AE}"
EndProject
Project("{FAE04EC0-301F-11D3-BF4B-00C04F79EFBC}") = "Day23", "2022\Day23\Day23.csproj", "{5C58B7AF-9792-4EC3-BF99-50AAB3950B6F}"
EndProject
Project("{FAE04EC0-301F-11D3-BF4B-00C04F79EFBC}") = "Day24", "2022\Day24\Day24.csproj", "{3892D62F-2A92-4990-AD77-39A0E169B594}"
EndProject
Project("{FAE04EC0-301F-11D3-BF4B-00C04F79EFBC}") = "Day25", "2022\Day25\Day25.csproj", "{684DFAAE-A2DF-4182-A9E4-B180829CEEF8}"
EndProject
Project("{FAE04EC0-301F-11D3-BF4B-00C04F79EFBC}") = "Day10", "2023\Day10\Day10.csproj", "{22284692-F23B-468D-B17C-5FE9EDFE159F}"
EndProject
Project("{FAE04EC0-301F-11D3-BF4B-00C04F79EFBC}") = "Day11", "2023\Day11\Day11.csproj", "{145A2F5F-C0F5-4F1C-8BE7-8D6924DD85FA}"
EndProject
Project("{FAE04EC0-301F-11D3-BF4B-00C04F79EFBC}") = "Day12", "2023\Day12\Day12.csproj", "{201E4B63-B4DA-4291-9191-CFFF2C13B851}"
EndProject
Project("{FAE04EC0-301F-11D3-BF4B-00C04F79EFBC}") = "Day13", "2023\Day13\Day13.csproj", "{136BDCA6-FF7F-442A-89AF-4673AA389C18}"
EndProject
Project("{FAE04EC0-301F-11D3-BF4B-00C04F79EFBC}") = "Day14", "2023\Day14\Day14.csproj", "{32BD9CEB-96E9-4129-AB3E-A3D07AEE41D4}"
EndProject
Project("{FAE04EC0-301F-11D3-BF4B-00C04F79EFBC}") = "Day15", "2023\Day15\Day15.csproj", "{C446042A-F798-478C-BAE9-43C55E2938ED}"
EndProject
Project("{FAE04EC0-301F-11D3-BF4B-00C04F79EFBC}") = "Day16", "2023\Day16\Day16.csproj", "{83EC90F8-929C-4B89-8AC0-BCE084461CAB}"
EndProject
Project("{FAE04EC0-301F-11D3-BF4B-00C04F79EFBC}") = "Day17", "2023\Day17\Day17.csproj", "{9FE6474E-778C-4AC0-88FE-417762110570}"
EndProject
Project("{FAE04EC0-301F-11D3-BF4B-00C04F79EFBC}") = "Day18", "2023\Day18\Day18.csproj", "{0DFF4867-3BD1-403D-BDB8-CC9D11722E7D}"
EndProject
Project("{FAE04EC0-301F-11D3-BF4B-00C04F79EFBC}") = "Day19", "2023\Day19\Day19.csproj", "{A888642D-5481-4F79-852C-996F86A5E270}"
EndProject
Project("{FAE04EC0-301F-11D3-BF4B-00C04F79EFBC}") = "Day20", "2023\Day20\Day20.csproj", "{1CD651FA-2BD7-4861-92BB-03DC3CA59EF4}"
EndProject
Project("{FAE04EC0-301F-11D3-BF4B-00C04F79EFBC}") = "Day21", "2023\Day21\Day21.csproj", "{4CF7EE7D-E4AE-420B-872B-71A9419F23BD}"
EndProject
Project("{FAE04EC0-301F-11D3-BF4B-00C04F79EFBC}") = "Day22", "2023\Day22\Day22.csproj", "{AB2B5A45-ED20-4755-88D8-D1EC4F8CAE7F}"
EndProject
Project("{FAE04EC0-301F-11D3-BF4B-00C04F79EFBC}") = "Day23", "2023\Day23\Day23.csproj", "{362DCB4C-0772-4F50-8907-9AD8E26DF248}"
EndProject
Project("{FAE04EC0-301F-11D3-BF4B-00C04F79EFBC}") = "Day24", "2023\Day24\Day24.csproj", "{66DD32AB-ECEC-40D7-ADDD-77D686CB4A07}"
EndProject
Project("{FAE04EC0-301F-11D3-BF4B-00C04F79EFBC}") = "Day25", "2023\Day25\Day25.csproj", "{615057C3-64E8-4964-87DC-5C061364ED82}"
EndProject
Project("{FAE04EC0-301F-11D3-BF4B-00C04F79EFBC}") = "Day01", "2023\Day01\Day01.csproj", "{FA9D240A-C2C2-48C8-ABBC-FED71CEE161D}"
EndProject
Project("{FAE04EC0-301F-11D3-BF4B-00C04F79EFBC}") = "Day02", "2023\Day02\Day02.csproj", "{FD195F6A-F1A2-4419-9993-8C0F4764812F}"
EndProject
Project("{FAE04EC0-301F-11D3-BF4B-00C04F79EFBC}") = "Day03", "2023\Day03\Day03.csproj", "{9EB642B5-67E8-44B0-AEF7-91EB74FF6397}"
EndProject
Project("{FAE04EC0-301F-11D3-BF4B-00C04F79EFBC}") = "Day04", "2023\Day04\Day04.csproj", "{835DBEF2-CF7B-4539-965D-59F2B3276C25}"
EndProject
Project("{FAE04EC0-301F-11D3-BF4B-00C04F79EFBC}") = "Day05", "2023\Day05\Day05.csproj", "{2EDFD218-1CB5-45B7-A38F-D55C54849893}"
EndProject
Project("{FAE04EC0-301F-11D3-BF4B-00C04F79EFBC}") = "Day06", "2023\Day06\Day06.csproj", "{A870A236-B9EC-4D5F-A0E2-50B98F344FF5}"
EndProject
Project("{FAE04EC0-301F-11D3-BF4B-00C04F79EFBC}") = "Day07", "2023\Day07\Day07.csproj", "{3DF7CCDF-A7EB-4D95-8BDA-3607B3C3BAAD}"
EndProject
Project("{FAE04EC0-301F-11D3-BF4B-00C04F79EFBC}") = "Day08", "2023\Day08\Day08.csproj", "{D2007A41-43F8-4977-BCE5-A2B0509EAC07}"
EndProject
Project("{FAE04EC0-301F-11D3-BF4B-00C04F79EFBC}") = "Day09", "2023\Day09\Day09.csproj", "{572BDFA2-CDE1-475D-BCC1-E6FCB0A00378}"
EndProject
Project("{FAE04EC0-301F-11D3-BF4B-00C04F79EFBC}") = "AdventOfCode", "AdventOfCode.csproj", "{9B77F125-F83B-47FF-A996-2D400C0235E2}"
EndProject
Global
	GlobalSection(SolutionConfigurationPlatforms) = preSolution
		Debug|Any CPU = Debug|Any CPU
		Release|Any CPU = Release|Any CPU
	EndGlobalSection
	GlobalSection(ProjectConfigurationPlatforms) = postSolution
		{A56C539D-7CEC-4F82-AC7E-478CC56269BE}.Debug|Any CPU.ActiveCfg = Debug|Any CPU
		{A56C539D-7CEC-4F82-AC7E-478CC56269BE}.Debug|Any CPU.Build.0 = Debug|Any CPU
		{A56C539D-7CEC-4F82-AC7E-478CC56269BE}.Release|Any CPU.ActiveCfg = Release|Any CPU
		{A56C539D-7CEC-4F82-AC7E-478CC56269BE}.Release|Any CPU.Build.0 = Release|Any CPU
		{1416E67A-194F-4F0F-9CF8-AE48AA2EF54A}.Debug|Any CPU.ActiveCfg = Debug|Any CPU
		{1416E67A-194F-4F0F-9CF8-AE48AA2EF54A}.Debug|Any CPU.Build.0 = Debug|Any CPU
		{1416E67A-194F-4F0F-9CF8-AE48AA2EF54A}.Release|Any CPU.ActiveCfg = Release|Any CPU
		{1416E67A-194F-4F0F-9CF8-AE48AA2EF54A}.Release|Any CPU.Build.0 = Release|Any CPU
		{543B8F2F-D47E-4A5E-A6BE-51A0970B3250}.Debug|Any CPU.ActiveCfg = Debug|Any CPU
		{543B8F2F-D47E-4A5E-A6BE-51A0970B3250}.Debug|Any CPU.Build.0 = Debug|Any CPU
		{543B8F2F-D47E-4A5E-A6BE-51A0970B3250}.Release|Any CPU.ActiveCfg = Release|Any CPU
		{543B8F2F-D47E-4A5E-A6BE-51A0970B3250}.Release|Any CPU.Build.0 = Release|Any CPU
		{639C19DA-73CD-4316-B891-3B24BD0EC032}.Debug|Any CPU.ActiveCfg = Debug|Any CPU
		{639C19DA-73CD-4316-B891-3B24BD0EC032}.Debug|Any CPU.Build.0 = Debug|Any CPU
		{639C19DA-73CD-4316-B891-3B24BD0EC032}.Release|Any CPU.ActiveCfg = Release|Any CPU
		{639C19DA-73CD-4316-B891-3B24BD0EC032}.Release|Any CPU.Build.0 = Release|Any CPU
		{29194031-C3FD-4554-A7D8-93CE307006B3}.Debug|Any CPU.ActiveCfg = Debug|Any CPU
		{29194031-C3FD-4554-A7D8-93CE307006B3}.Debug|Any CPU.Build.0 = Debug|Any CPU
		{29194031-C3FD-4554-A7D8-93CE307006B3}.Release|Any CPU.ActiveCfg = Release|Any CPU
		{29194031-C3FD-4554-A7D8-93CE307006B3}.Release|Any CPU.Build.0 = Release|Any CPU
		{888BA797-B3F2-42BB-939E-DE3A639C6280}.Debug|Any CPU.ActiveCfg = Debug|Any CPU
		{888BA797-B3F2-42BB-939E-DE3A639C6280}.Debug|Any CPU.Build.0 = Debug|Any CPU
		{888BA797-B3F2-42BB-939E-DE3A639C6280}.Release|Any CPU.ActiveCfg = Release|Any CPU
		{888BA797-B3F2-42BB-939E-DE3A639C6280}.Release|Any CPU.Build.0 = Release|Any CPU
		{F498673B-9205-4C1A-BCFA-2EEA8884F3E7}.Debug|Any CPU.ActiveCfg = Debug|Any CPU
		{F498673B-9205-4C1A-BCFA-2EEA8884F3E7}.Debug|Any CPU.Build.0 = Debug|Any CPU
		{F498673B-9205-4C1A-BCFA-2EEA8884F3E7}.Release|Any CPU.ActiveCfg = Release|Any CPU
		{F498673B-9205-4C1A-BCFA-2EEA8884F3E7}.Release|Any CPU.Build.0 = Release|Any CPU
		{62BFE25F-52E4-404C-8096-4DC5CDF896ED}.Debug|Any CPU.ActiveCfg = Debug|Any CPU
		{62BFE25F-52E4-404C-8096-4DC5CDF896ED}.Debug|Any CPU.Build.0 = Debug|Any CPU
		{62BFE25F-52E4-404C-8096-4DC5CDF896ED}.Release|Any CPU.ActiveCfg = Release|Any CPU
		{62BFE25F-52E4-404C-8096-4DC5CDF896ED}.Release|Any CPU.Build.0 = Release|Any CPU
		{536F80ED-D059-4471-BE23-6F8F60BD4D71}.Debug|Any CPU.ActiveCfg = Debug|Any CPU
		{536F80ED-D059-4471-BE23-6F8F60BD4D71}.Debug|Any CPU.Build.0 = Debug|Any CPU
		{536F80ED-D059-4471-BE23-6F8F60BD4D71}.Release|Any CPU.ActiveCfg = Release|Any CPU
		{536F80ED-D059-4471-BE23-6F8F60BD4D71}.Release|Any CPU.Build.0 = Release|Any CPU
		{C5F616DF-C43A-4FE2-8BC0-773B4C0C925C}.Debug|Any CPU.ActiveCfg = Debug|Any CPU
		{C5F616DF-C43A-4FE2-8BC0-773B4C0C925C}.Debug|Any CPU.Build.0 = Debug|Any CPU
		{C5F616DF-C43A-4FE2-8BC0-773B4C0C925C}.Release|Any CPU.ActiveCfg = Release|Any CPU
		{C5F616DF-C43A-4FE2-8BC0-773B4C0C925C}.Release|Any CPU.Build.0 = Release|Any CPU
		{4E3B2A73-5348-4A18-AB28-CFAC4D96FABF}.Debug|Any CPU.ActiveCfg = Debug|Any CPU
		{4E3B2A73-5348-4A18-AB28-CFAC4D96FABF}.Debug|Any CPU.Build.0 = Debug|Any CPU
		{4E3B2A73-5348-4A18-AB28-CFAC4D96FABF}.Release|Any CPU.ActiveCfg = Release|Any CPU
		{4E3B2A73-5348-4A18-AB28-CFAC4D96FABF}.Release|Any CPU.Build.0 = Release|Any CPU
		{E6A74817-8D29-452C-BBAC-780A5A8BCB11}.Debug|Any CPU.ActiveCfg = Debug|Any CPU
		{E6A74817-8D29-452C-BBAC-780A5A8BCB11}.Debug|Any CPU.Build.0 = Debug|Any CPU
		{E6A74817-8D29-452C-BBAC-780A5A8BCB11}.Release|Any CPU.ActiveCfg = Release|Any CPU
		{E6A74817-8D29-452C-BBAC-780A5A8BCB11}.Release|Any CPU.Build.0 = Release|Any CPU
		{434AF251-1293-4A84-B8CA-2A79600B312D}.Debug|Any CPU.ActiveCfg = Debug|Any CPU
		{434AF251-1293-4A84-B8CA-2A79600B312D}.Debug|Any CPU.Build.0 = Debug|Any CPU
		{434AF251-1293-4A84-B8CA-2A79600B312D}.Release|Any CPU.ActiveCfg = Release|Any CPU
		{434AF251-1293-4A84-B8CA-2A79600B312D}.Release|Any CPU.Build.0 = Release|Any CPU
		{A6BFD2F7-7F9C-47A7-94A7-737FEB90646D}.Debug|Any CPU.ActiveCfg = Debug|Any CPU
		{A6BFD2F7-7F9C-47A7-94A7-737FEB90646D}.Debug|Any CPU.Build.0 = Debug|Any CPU
		{A6BFD2F7-7F9C-47A7-94A7-737FEB90646D}.Release|Any CPU.ActiveCfg = Release|Any CPU
		{A6BFD2F7-7F9C-47A7-94A7-737FEB90646D}.Release|Any CPU.Build.0 = Release|Any CPU
		{E5910601-D08D-4D61-A56B-6F3BD9466F1A}.Debug|Any CPU.ActiveCfg = Debug|Any CPU
		{E5910601-D08D-4D61-A56B-6F3BD9466F1A}.Debug|Any CPU.Build.0 = Debug|Any CPU
		{E5910601-D08D-4D61-A56B-6F3BD9466F1A}.Release|Any CPU.ActiveCfg = Release|Any CPU
		{E5910601-D08D-4D61-A56B-6F3BD9466F1A}.Release|Any CPU.Build.0 = Release|Any CPU
		{EC61D80C-BF99-4EB0-BDAF-CDA0BA0A60F3}.Debug|Any CPU.ActiveCfg = Debug|Any CPU
		{EC61D80C-BF99-4EB0-BDAF-CDA0BA0A60F3}.Debug|Any CPU.Build.0 = Debug|Any CPU
		{EC61D80C-BF99-4EB0-BDAF-CDA0BA0A60F3}.Release|Any CPU.ActiveCfg = Release|Any CPU
		{EC61D80C-BF99-4EB0-BDAF-CDA0BA0A60F3}.Release|Any CPU.Build.0 = Release|Any CPU
		{F483CD26-11D1-4C82-9582-6B77356C897B}.Debug|Any CPU.ActiveCfg = Debug|Any CPU
		{F483CD26-11D1-4C82-9582-6B77356C897B}.Debug|Any CPU.Build.0 = Debug|Any CPU
		{F483CD26-11D1-4C82-9582-6B77356C897B}.Release|Any CPU.ActiveCfg = Release|Any CPU
		{F483CD26-11D1-4C82-9582-6B77356C897B}.Release|Any CPU.Build.0 = Release|Any CPU
		{29E7C298-52E0-48B7-911C-707E73788471}.Debug|Any CPU.ActiveCfg = Debug|Any CPU
		{29E7C298-52E0-48B7-911C-707E73788471}.Debug|Any CPU.Build.0 = Debug|Any CPU
		{29E7C298-52E0-48B7-911C-707E73788471}.Release|Any CPU.ActiveCfg = Release|Any CPU
		{29E7C298-52E0-48B7-911C-707E73788471}.Release|Any CPU.Build.0 = Release|Any CPU
		{5D4FCF09-3286-472C-89BF-61AE6F3EA8D4}.Debug|Any CPU.ActiveCfg = Debug|Any CPU
		{5D4FCF09-3286-472C-89BF-61AE6F3EA8D4}.Debug|Any CPU.Build.0 = Debug|Any CPU
		{5D4FCF09-3286-472C-89BF-61AE6F3EA8D4}.Release|Any CPU.ActiveCfg = Release|Any CPU
		{5D4FCF09-3286-472C-89BF-61AE6F3EA8D4}.Release|Any CPU.Build.0 = Release|Any CPU
		{4E9B9812-80A4-4399-9627-EFA3624FD781}.Debug|Any CPU.ActiveCfg = Debug|Any CPU
		{4E9B9812-80A4-4399-9627-EFA3624FD781}.Debug|Any CPU.Build.0 = Debug|Any CPU
		{4E9B9812-80A4-4399-9627-EFA3624FD781}.Release|Any CPU.ActiveCfg = Release|Any CPU
		{4E9B9812-80A4-4399-9627-EFA3624FD781}.Release|Any CPU.Build.0 = Release|Any CPU
		{927C1DD8-0604-4AEC-8258-8E35F398194F}.Debug|Any CPU.ActiveCfg = Debug|Any CPU
		{927C1DD8-0604-4AEC-8258-8E35F398194F}.Debug|Any CPU.Build.0 = Debug|Any CPU
		{927C1DD8-0604-4AEC-8258-8E35F398194F}.Release|Any CPU.ActiveCfg = Release|Any CPU
		{927C1DD8-0604-4AEC-8258-8E35F398194F}.Release|Any CPU.Build.0 = Release|Any CPU
		{20D5D2D1-B456-404A-80F8-17A3CC92B1AE}.Debug|Any CPU.ActiveCfg = Debug|Any CPU
		{20D5D2D1-B456-404A-80F8-17A3CC92B1AE}.Debug|Any CPU.Build.0 = Debug|Any CPU
		{20D5D2D1-B456-404A-80F8-17A3CC92B1AE}.Release|Any CPU.ActiveCfg = Release|Any CPU
		{20D5D2D1-B456-404A-80F8-17A3CC92B1AE}.Release|Any CPU.Build.0 = Release|Any CPU
		{5C58B7AF-9792-4EC3-BF99-50AAB3950B6F}.Debug|Any CPU.ActiveCfg = Debug|Any CPU
		{5C58B7AF-9792-4EC3-BF99-50AAB3950B6F}.Debug|Any CPU.Build.0 = Debug|Any CPU
		{5C58B7AF-9792-4EC3-BF99-50AAB3950B6F}.Release|Any CPU.ActiveCfg = Release|Any CPU
		{5C58B7AF-9792-4EC3-BF99-50AAB3950B6F}.Release|Any CPU.Build.0 = Release|Any CPU
		{3892D62F-2A92-4990-AD77-39A0E169B594}.Debug|Any CPU.ActiveCfg = Debug|Any CPU
		{3892D62F-2A92-4990-AD77-39A0E169B594}.Debug|Any CPU.Build.0 = Debug|Any CPU
		{3892D62F-2A92-4990-AD77-39A0E169B594}.Release|Any CPU.ActiveCfg = Release|Any CPU
		{3892D62F-2A92-4990-AD77-39A0E169B594}.Release|Any CPU.Build.0 = Release|Any CPU
		{684DFAAE-A2DF-4182-A9E4-B180829CEEF8}.Debug|Any CPU.ActiveCfg = Debug|Any CPU
		{684DFAAE-A2DF-4182-A9E4-B180829CEEF8}.Debug|Any CPU.Build.0 = Debug|Any CPU
		{684DFAAE-A2DF-4182-A9E4-B180829CEEF8}.Release|Any CPU.ActiveCfg = Release|Any CPU
		{684DFAAE-A2DF-4182-A9E4-B180829CEEF8}.Release|Any CPU.Build.0 = Release|Any CPU
		{22284692-F23B-468D-B17C-5FE9EDFE159F}.Debug|Any CPU.ActiveCfg = Debug|Any CPU
		{22284692-F23B-468D-B17C-5FE9EDFE159F}.Debug|Any CPU.Build.0 = Debug|Any CPU
		{22284692-F23B-468D-B17C-5FE9EDFE159F}.Release|Any CPU.ActiveCfg = Release|Any CPU
		{22284692-F23B-468D-B17C-5FE9EDFE159F}.Release|Any CPU.Build.0 = Release|Any CPU
		{145A2F5F-C0F5-4F1C-8BE7-8D6924DD85FA}.Debug|Any CPU.ActiveCfg = Debug|Any CPU
		{145A2F5F-C0F5-4F1C-8BE7-8D6924DD85FA}.Debug|Any CPU.Build.0 = Debug|Any CPU
		{145A2F5F-C0F5-4F1C-8BE7-8D6924DD85FA}.Release|Any CPU.ActiveCfg = Release|Any CPU
		{145A2F5F-C0F5-4F1C-8BE7-8D6924DD85FA}.Release|Any CPU.Build.0 = Release|Any CPU
		{201E4B63-B4DA-4291-9191-CFFF2C13B851}.Debug|Any CPU.ActiveCfg = Debug|Any CPU
		{201E4B63-B4DA-4291-9191-CFFF2C13B851}.Debug|Any CPU.Build.0 = Debug|Any CPU
		{201E4B63-B4DA-4291-9191-CFFF2C13B851}.Release|Any CPU.ActiveCfg = Release|Any CPU
		{201E4B63-B4DA-4291-9191-CFFF2C13B851}.Release|Any CPU.Build.0 = Release|Any CPU
		{136BDCA6-FF7F-442A-89AF-4673AA389C18}.Debug|Any CPU.ActiveCfg = Debug|Any CPU
		{136BDCA6-FF7F-442A-89AF-4673AA389C18}.Debug|Any CPU.Build.0 = Debug|Any CPU
		{136BDCA6-FF7F-442A-89AF-4673AA389C18}.Release|Any CPU.ActiveCfg = Release|Any CPU
		{136BDCA6-FF7F-442A-89AF-4673AA389C18}.Release|Any CPU.Build.0 = Release|Any CPU
		{32BD9CEB-96E9-4129-AB3E-A3D07AEE41D4}.Debug|Any CPU.ActiveCfg = Debug|Any CPU
		{32BD9CEB-96E9-4129-AB3E-A3D07AEE41D4}.Debug|Any CPU.Build.0 = Debug|Any CPU
		{32BD9CEB-96E9-4129-AB3E-A3D07AEE41D4}.Release|Any CPU.ActiveCfg = Release|Any CPU
		{32BD9CEB-96E9-4129-AB3E-A3D07AEE41D4}.Release|Any CPU.Build.0 = Release|Any CPU
		{C446042A-F798-478C-BAE9-43C55E2938ED}.Debug|Any CPU.ActiveCfg = Debug|Any CPU
		{C446042A-F798-478C-BAE9-43C55E2938ED}.Debug|Any CPU.Build.0 = Debug|Any CPU
		{C446042A-F798-478C-BAE9-43C55E2938ED}.Release|Any CPU.ActiveCfg = Release|Any CPU
		{C446042A-F798-478C-BAE9-43C55E2938ED}.Release|Any CPU.Build.0 = Release|Any CPU
		{83EC90F8-929C-4B89-8AC0-BCE084461CAB}.Debug|Any CPU.ActiveCfg = Debug|Any CPU
		{83EC90F8-929C-4B89-8AC0-BCE084461CAB}.Debug|Any CPU.Build.0 = Debug|Any CPU
		{83EC90F8-929C-4B89-8AC0-BCE084461CAB}.Release|Any CPU.ActiveCfg = Release|Any CPU
		{83EC90F8-929C-4B89-8AC0-BCE084461CAB}.Release|Any CPU.Build.0 = Release|Any CPU
		{9FE6474E-778C-4AC0-88FE-417762110570}.Debug|Any CPU.ActiveCfg = Debug|Any CPU
		{9FE6474E-778C-4AC0-88FE-417762110570}.Debug|Any CPU.Build.0 = Debug|Any CPU
		{9FE6474E-778C-4AC0-88FE-417762110570}.Release|Any CPU.ActiveCfg = Release|Any CPU
		{9FE6474E-778C-4AC0-88FE-417762110570}.Release|Any CPU.Build.0 = Release|Any CPU
		{0DFF4867-3BD1-403D-BDB8-CC9D11722E7D}.Debug|Any CPU.ActiveCfg = Debug|Any CPU
		{0DFF4867-3BD1-403D-BDB8-CC9D11722E7D}.Debug|Any CPU.Build.0 = Debug|Any CPU
		{0DFF4867-3BD1-403D-BDB8-CC9D11722E7D}.Release|Any CPU.ActiveCfg = Release|Any CPU
		{0DFF4867-3BD1-403D-BDB8-CC9D11722E7D}.Release|Any CPU.Build.0 = Release|Any CPU
		{A888642D-5481-4F79-852C-996F86A5E270}.Debug|Any CPU.ActiveCfg = Debug|Any CPU
		{A888642D-5481-4F79-852C-996F86A5E270}.Debug|Any CPU.Build.0 = Debug|Any CPU
		{A888642D-5481-4F79-852C-996F86A5E270}.Release|Any CPU.ActiveCfg = Release|Any CPU
		{A888642D-5481-4F79-852C-996F86A5E270}.Release|Any CPU.Build.0 = Release|Any CPU
		{1CD651FA-2BD7-4861-92BB-03DC3CA59EF4}.Debug|Any CPU.ActiveCfg = Debug|Any CPU
		{1CD651FA-2BD7-4861-92BB-03DC3CA59EF4}.Debug|Any CPU.Build.0 = Debug|Any CPU
		{1CD651FA-2BD7-4861-92BB-03DC3CA59EF4}.Release|Any CPU.ActiveCfg = Release|Any CPU
		{1CD651FA-2BD7-4861-92BB-03DC3CA59EF4}.Release|Any CPU.Build.0 = Release|Any CPU
		{4CF7EE7D-E4AE-420B-872B-71A9419F23BD}.Debug|Any CPU.ActiveCfg = Debug|Any CPU
		{4CF7EE7D-E4AE-420B-872B-71A9419F23BD}.Debug|Any CPU.Build.0 = Debug|Any CPU
		{4CF7EE7D-E4AE-420B-872B-71A9419F23BD}.Release|Any CPU.ActiveCfg = Release|Any CPU
		{4CF7EE7D-E4AE-420B-872B-71A9419F23BD}.Release|Any CPU.Build.0 = Release|Any CPU
		{AB2B5A45-ED20-4755-88D8-D1EC4F8CAE7F}.Debug|Any CPU.ActiveCfg = Debug|Any CPU
		{AB2B5A45-ED20-4755-88D8-D1EC4F8CAE7F}.Debug|Any CPU.Build.0 = Debug|Any CPU
		{AB2B5A45-ED20-4755-88D8-D1EC4F8CAE7F}.Release|Any CPU.ActiveCfg = Release|Any CPU
		{AB2B5A45-ED20-4755-88D8-D1EC4F8CAE7F}.Release|Any CPU.Build.0 = Release|Any CPU
		{362DCB4C-0772-4F50-8907-9AD8E26DF248}.Debug|Any CPU.ActiveCfg = Debug|Any CPU
		{362DCB4C-0772-4F50-8907-9AD8E26DF248}.Debug|Any CPU.Build.0 = Debug|Any CPU
		{362DCB4C-0772-4F50-8907-9AD8E26DF248}.Release|Any CPU.ActiveCfg = Release|Any CPU
		{362DCB4C-0772-4F50-8907-9AD8E26DF248}.Release|Any CPU.Build.0 = Release|Any CPU
		{66DD32AB-ECEC-40D7-ADDD-77D686CB4A07}.Debug|Any CPU.ActiveCfg = Debug|Any CPU
		{66DD32AB-ECEC-40D7-ADDD-77D686CB4A07}.Debug|Any CPU.Build.0 = Debug|Any CPU
		{66DD32AB-ECEC-40D7-ADDD-77D686CB4A07}.Release|Any CPU.ActiveCfg = Release|Any CPU
		{66DD32AB-ECEC-40D7-ADDD-77D686CB4A07}.Release|Any CPU.Build.0 = Release|Any CPU
		{615057C3-64E8-4964-87DC-5C061364ED82}.Debug|Any CPU.ActiveCfg = Debug|Any CPU
		{615057C3-64E8-4964-87DC-5C061364ED82}.Debug|Any CPU.Build.0 = Debug|Any CPU
		{615057C3-64E8-4964-87DC-5C061364ED82}.Release|Any CPU.ActiveCfg = Release|Any CPU
		{615057C3-64E8-4964-87DC-5C061364ED82}.Release|Any CPU.Build.0 = Release|Any CPU
		{FA9D240A-C2C2-48C8-ABBC-FED71CEE161D}.Debug|Any CPU.ActiveCfg = Debug|Any CPU
		{FA9D240A-C2C2-48C8-ABBC-FED71CEE161D}.Debug|Any CPU.Build.0 = Debug|Any CPU
		{FA9D240A-C2C2-48C8-ABBC-FED71CEE161D}.Release|Any CPU.ActiveCfg = Release|Any CPU
		{FA9D240A-C2C2-48C8-ABBC-FED71CEE161D}.Release|Any CPU.Build.0 = Release|Any CPU
		{FD195F6A-F1A2-4419-9993-8C0F4764812F}.Debug|Any CPU.ActiveCfg = Debug|Any CPU
		{FD195F6A-F1A2-4419-9993-8C0F4764812F}.Debug|Any CPU.Build.0 = Debug|Any CPU
		{FD195F6A-F1A2-4419-9993-8C0F4764812F}.Release|Any CPU.ActiveCfg = Release|Any CPU
		{FD195F6A-F1A2-4419-9993-8C0F4764812F}.Release|Any CPU.Build.0 = Release|Any CPU
		{9EB642B5-67E8-44B0-AEF7-91EB74FF6397}.Debug|Any CPU.ActiveCfg = Debug|Any CPU
		{9EB642B5-67E8-44B0-AEF7-91EB74FF6397}.Debug|Any CPU.Build.0 = Debug|Any CPU
		{9EB642B5-67E8-44B0-AEF7-91EB74FF6397}.Release|Any CPU.ActiveCfg = Release|Any CPU
		{9EB642B5-67E8-44B0-AEF7-91EB74FF6397}.Release|Any CPU.Build.0 = Release|Any CPU
		{835DBEF2-CF7B-4539-965D-59F2B3276C25}.Debug|Any CPU.ActiveCfg = Debug|Any CPU
		{835DBEF2-CF7B-4539-965D-59F2B3276C25}.Debug|Any CPU.Build.0 = Debug|Any CPU
		{835DBEF2-CF7B-4539-965D-59F2B3276C25}.Release|Any CPU.ActiveCfg = Release|Any CPU
		{835DBEF2-CF7B-4539-965D-59F2B3276C25}.Release|Any CPU.Build.0 = Release|Any CPU
		{2EDFD218-1CB5-45B7-A38F-D55C54849893}.Debug|Any CPU.ActiveCfg = Debug|Any CPU
		{2EDFD218-1CB5-45B7-A38F-D55C54849893}.Debug|Any CPU.Build.0 = Debug|Any CPU
		{2EDFD218-1CB5-45B7-A38F-D55C54849893}.Release|Any CPU.ActiveCfg = Release|Any CPU
		{2EDFD218-1CB5-45B7-A38F-D55C54849893}.Release|Any CPU.Build.0 = Release|Any CPU
		{A870A236-B9EC-4D5F-A0E2-50B98F344FF5}.Debug|Any CPU.ActiveCfg = Debug|Any CPU
		{A870A236-B9EC-4D5F-A0E2-50B98F344FF5}.Debug|Any CPU.Build.0 = Debug|Any CPU
		{A870A236-B9EC-4D5F-A0E2-50B98F344FF5}.Release|Any CPU.ActiveCfg = Release|Any CPU
		{A870A236-B9EC-4D5F-A0E2-50B98F344FF5}.Release|Any CPU.Build.0 = Release|Any CPU
		{3DF7CCDF-A7EB-4D95-8BDA-3607B3C3BAAD}.Debug|Any CPU.ActiveCfg = Debug|Any CPU
		{3DF7CCDF-A7EB-4D95-8BDA-3607B3C3BAAD}.Debug|Any CPU.Build.0 = Debug|Any CPU
		{3DF7CCDF-A7EB-4D95-8BDA-3607B3C3BAAD}.Release|Any CPU.ActiveCfg = Release|Any CPU
		{3DF7CCDF-A7EB-4D95-8BDA-3607B3C3BAAD}.Release|Any CPU.Build.0 = Release|Any CPU
		{D2007A41-43F8-4977-BCE5-A2B0509EAC07}.Debug|Any CPU.ActiveCfg = Debug|Any CPU
		{D2007A41-43F8-4977-BCE5-A2B0509EAC07}.Debug|Any CPU.Build.0 = Debug|Any CPU
		{D2007A41-43F8-4977-BCE5-A2B0509EAC07}.Release|Any CPU.ActiveCfg = Release|Any CPU
		{D2007A41-43F8-4977-BCE5-A2B0509EAC07}.Release|Any CPU.Build.0 = Release|Any CPU
		{572BDFA2-CDE1-475D-BCC1-E6FCB0A00378}.Debug|Any CPU.ActiveCfg = Debug|Any CPU
		{572BDFA2-CDE1-475D-BCC1-E6FCB0A00378}.Debug|Any CPU.Build.0 = Debug|Any CPU
		{572BDFA2-CDE1-475D-BCC1-E6FCB0A00378}.Release|Any CPU.ActiveCfg = Release|Any CPU
		{572BDFA2-CDE1-475D-BCC1-E6FCB0A00378}.Release|Any CPU.Build.0 = Release|Any CPU
		{9B77F125-F83B-47FF-A996-2D400C0235E2}.Debug|Any CPU.ActiveCfg = Debug|Any CPU
		{9B77F125-F83B-47FF-A996-2D400C0235E2}.Debug|Any CPU.Build.0 = Debug|Any CPU
		{9B77F125-F83B-47FF-A996-2D400C0235E2}.Release|Any CPU.ActiveCfg = Release|Any CPU
		{9B77F125-F83B-47FF-A996-2D400C0235E2}.Release|Any CPU.Build.0 = Release|Any CPU
	EndGlobalSection
	GlobalSection(SolutionProperties) = preSolution
		HideSolutionNode = FALSE
	EndGlobalSection
	GlobalSection(NestedProjects) = preSolution
		{A56C539D-7CEC-4F82-AC7E-478CC56269BE} = {4DE7CCD2-E751-47B3-BBD5-03F447F53569}
		{1416E67A-194F-4F0F-9CF8-AE48AA2EF54A} = {4DE7CCD2-E751-47B3-BBD5-03F447F53569}
		{543B8F2F-D47E-4A5E-A6BE-51A0970B3250} = {4DE7CCD2-E751-47B3-BBD5-03F447F53569}
		{639C19DA-73CD-4316-B891-3B24BD0EC032} = {4DE7CCD2-E751-47B3-BBD5-03F447F53569}
		{29194031-C3FD-4554-A7D8-93CE307006B3} = {4DE7CCD2-E751-47B3-BBD5-03F447F53569}
		{888BA797-B3F2-42BB-939E-DE3A639C6280} = {4DE7CCD2-E751-47B3-BBD5-03F447F53569}
		{F498673B-9205-4C1A-BCFA-2EEA8884F3E7} = {4DE7CCD2-E751-47B3-BBD5-03F447F53569}
		{62BFE25F-52E4-404C-8096-4DC5CDF896ED} = {4DE7CCD2-E751-47B3-BBD5-03F447F53569}
		{536F80ED-D059-4471-BE23-6F8F60BD4D71} = {4DE7CCD2-E751-47B3-BBD5-03F447F53569}
		{C5F616DF-C43A-4FE2-8BC0-773B4C0C925C} = {4DE7CCD2-E751-47B3-BBD5-03F447F53569}
		{4E3B2A73-5348-4A18-AB28-CFAC4D96FABF} = {4DE7CCD2-E751-47B3-BBD5-03F447F53569}
		{E6A74817-8D29-452C-BBAC-780A5A8BCB11} = {4DE7CCD2-E751-47B3-BBD5-03F447F53569}
		{434AF251-1293-4A84-B8CA-2A79600B312D} = {4DE7CCD2-E751-47B3-BBD5-03F447F53569}
		{A6BFD2F7-7F9C-47A7-94A7-737FEB90646D} = {4DE7CCD2-E751-47B3-BBD5-03F447F53569}
		{E5910601-D08D-4D61-A56B-6F3BD9466F1A} = {4DE7CCD2-E751-47B3-BBD5-03F447F53569}
		{EC61D80C-BF99-4EB0-BDAF-CDA0BA0A60F3} = {4DE7CCD2-E751-47B3-BBD5-03F447F53569}
		{F483CD26-11D1-4C82-9582-6B77356C897B} = {4DE7CCD2-E751-47B3-BBD5-03F447F53569}
		{29E7C298-52E0-48B7-911C-707E73788471} = {4DE7CCD2-E751-47B3-BBD5-03F447F53569}
		{5D4FCF09-3286-472C-89BF-61AE6F3EA8D4} = {4DE7CCD2-E751-47B3-BBD5-03F447F53569}
		{4E9B9812-80A4-4399-9627-EFA3624FD781} = {4DE7CCD2-E751-47B3-BBD5-03F447F53569}
		{927C1DD8-0604-4AEC-8258-8E35F398194F} = {4DE7CCD2-E751-47B3-BBD5-03F447F53569}
		{20D5D2D1-B456-404A-80F8-17A3CC92B1AE} = {4DE7CCD2-E751-47B3-BBD5-03F447F53569}
		{5C58B7AF-9792-4EC3-BF99-50AAB3950B6F} = {4DE7CCD2-E751-47B3-BBD5-03F447F53569}
		{3892D62F-2A92-4990-AD77-39A0E169B594} = {4DE7CCD2-E751-47B3-BBD5-03F447F53569}
		{684DFAAE-A2DF-4182-A9E4-B180829CEEF8} = {4DE7CCD2-E751-47B3-BBD5-03F447F53569}
		{22284692-F23B-468D-B17C-5FE9EDFE159F} = {8ECFF889-3260-48BE-BD9F-042C582D6FDE}
		{145A2F5F-C0F5-4F1C-8BE7-8D6924DD85FA} = {8ECFF889-3260-48BE-BD9F-042C582D6FDE}
		{201E4B63-B4DA-4291-9191-CFFF2C13B851} = {8ECFF889-3260-48BE-BD9F-042C582D6FDE}
		{136BDCA6-FF7F-442A-89AF-4673AA389C18} = {8ECFF889-3260-48BE-BD9F-042C582D6FDE}
		{32BD9CEB-96E9-4129-AB3E-A3D07AEE41D4} = {8ECFF889-3260-48BE-BD9F-042C582D6FDE}
		{C446042A-F798-478C-BAE9-43C55E2938ED} = {8ECFF889-3260-48BE-BD9F-042C582D6FDE}
		{83EC90F8-929C-4B89-8AC0-BCE084461CAB} = {8ECFF889-3260-48BE-BD9F-042C582D6FDE}
		{9FE6474E-778C-4AC0-88FE-417762110570} = {8ECFF889-3260-48BE-BD9F-042C582D6FDE}
		{0DFF4867-3BD1-403D-BDB8-CC9D11722E7D} = {8ECFF889-3260-48BE-BD9F-042C582D6FDE}
		{A888642D-5481-4F79-852C-996F86A5E270} = {8ECFF889-3260-48BE-BD9F-042C582D6FDE}
		{1CD651FA-2BD7-4861-92BB-03DC3CA59EF4} = {8ECFF889-3260-48BE-BD9F-042C582D6FDE}
		{4CF7EE7D-E4AE-420B-872B-71A9419F23BD} = {8ECFF889-3260-48BE-BD9F-042C582D6FDE}
		{AB2B5A45-ED20-4755-88D8-D1EC4F8CAE7F} = {8ECFF889-3260-48BE-BD9F-042C582D6FDE}
		{362DCB4C-0772-4F50-8907-9AD8E26DF248} = {8ECFF889-3260-48BE-BD9F-042C582D6FDE}
		{66DD32AB-ECEC-40D7-ADDD-77D686CB4A07} = {8ECFF889-3260-48BE-BD9F-042C582D6FDE}
		{615057C3-64E8-4964-87DC-5C061364ED82} = {8ECFF889-3260-48BE-BD9F-042C582D6FDE}
		{FA9D240A-C2C2-48C8-ABBC-FED71CEE161D} = {8ECFF889-3260-48BE-BD9F-042C582D6FDE}
		{FD195F6A-F1A2-4419-9993-8C0F4764812F} = {8ECFF889-3260-48BE-BD9F-042C582D6FDE}
		{9EB642B5-67E8-44B0-AEF7-91EB74FF6397} = {8ECFF889-3260-48BE-BD9F-042C582D6FDE}
		{835DBEF2-CF7B-4539-965D-59F2B3276C25} = {8ECFF889-3260-48BE-BD9F-042C582D6FDE}
		{2EDFD218-1CB5-45B7-A38F-D55C54849893} = {8ECFF889-3260-48BE-BD9F-042C582D6FDE}
		{A870A236-B9EC-4D5F-A0E2-50B98F344FF5} = {8ECFF889-3260-48BE-BD9F-042C582D6FDE}
		{3DF7CCDF-A7EB-4D95-8BDA-3607B3C3BAAD} = {8ECFF889-3260-48BE-BD9F-042C582D6FDE}
		{D2007A41-43F8-4977-BCE5-A2B0509EAC07} = {8ECFF889-3260-48BE-BD9F-042C582D6FDE}
		{572BDFA2-CDE1-475D-BCC1-E6FCB0A00378} = {8ECFF889-3260-48BE-BD9F-042C582D6FDE}
	EndGlobalSection
EndGlobal
